
Microsoft Visual Studio Solution File, Format Version 12.00
# Visual Studio Version 17
VisualStudioVersion = 17.1.32421.90
MinimumVisualStudioVersion = 10.0.40219.1
Project("{9A19103F-16F7-4668-BE54-9A1E7A4F7556}") = "TesteFortes", "TesteFortes\TesteFortes.csproj", "{0E880772-54BB-49F5-ADF7-F5EE345EB230}"
EndProject
Project("{2150E333-8FDC-42A3-9474-1A3956D46DE8}") = "1-Web", "1-Web", "{06B0C0C8-EA7E-4C0C-862B-B471990EFFBE}"
EndProject
Project("{2150E333-8FDC-42A3-9474-1A3956D46DE8}") = "2-Application", "2-Application", "{D94BC38E-FB3B-483C-A59B-E36B5B2D7949}"
EndProject
Project("{2150E333-8FDC-42A3-9474-1A3956D46DE8}") = "3-Domain", "3-Domain", "{EB3CC9E4-9C2E-403A-B8FB-FC4B942A5279}"
EndProject
Project("{2150E333-8FDC-42A3-9474-1A3956D46DE8}") = "4-Infra", "4-Infra", "{42288676-A48C-4199-B51C-EE25B2D3C89A}"
EndProject
Project("{9A19103F-16F7-4668-BE54-9A1E7A4F7556}") = "TesteFortes.Application", "TesteForces.Application\TesteFortes.Application.csproj", "{75C56C5D-EFCB-49DA-AA40-2FFD8BA22E6E}"
EndProject
Project("{9A19103F-16F7-4668-BE54-9A1E7A4F7556}") = "TesteFortes.Domain", "TesteForces.Domain\TesteFortes.Domain.csproj", "{C1929E81-6787-41A6-86AD-A85B16C01EAF}"
EndProject
Project("{2150E333-8FDC-42A3-9474-1A3956D46DE8}") = "4.1-Data", "4.1-Data", "{80C78439-CAF5-4A40-BFFA-57BB21006DFD}"
EndProject
Project("{2150E333-8FDC-42A3-9474-1A3956D46DE8}") = "4.2-CrossCutting", "4.2-CrossCutting", "{3EB621D2-7079-44D6-9CD6-D50AE4D82DA3}"
EndProject
Project("{9A19103F-16F7-4668-BE54-9A1E7A4F7556}") = "TesteFortes.Data", "TesteForces.Data\TesteFortes.Data.csproj", "{613D9F76-1478-40BE-B707-20251262CF86}"
EndProject
Project("{FAE04EC0-301F-11D3-BF4B-00C04F79EFBC}") = "TesteFortes.IoC", "TesteFortes.IoC\TesteFortes.IoC.csproj", "{1C58BA94-723A-4800-BAEB-681576FE7220}"
EndProject
Project("{FAE04EC0-301F-11D3-BF4B-00C04F79EFBC}") = "TesteFortes.Swagger", "TesteFortes.Swagger\TesteFortes.Swagger.csproj", "{47CAD91A-E796-4594-A9AF-98DA5CDD6106}"
EndProject
Project("{2150E333-8FDC-42A3-9474-1A3956D46DE8}") = "0-Tests", "0-Tests", "{D00A2605-671A-411F-9D8B-3B6CA884FF5C}"
EndProject
Project("{FAE04EC0-301F-11D3-BF4B-00C04F79EFBC}") = "TesteFortes.Application.Tests", "TesteFortes.Application.Tests\TesteFortes.Application.Tests.csproj", "{5E9963AE-4C6B-4475-BA79-162B500D3469}"
EndProject
Global
	GlobalSection(SolutionConfigurationPlatforms) = preSolution
		Debug|Any CPU = Debug|Any CPU
		Release|Any CPU = Release|Any CPU
	EndGlobalSection
	GlobalSection(ProjectConfigurationPlatforms) = postSolution
		{0E880772-54BB-49F5-ADF7-F5EE345EB230}.Debug|Any CPU.ActiveCfg = Debug|Any CPU
		{0E880772-54BB-49F5-ADF7-F5EE345EB230}.Debug|Any CPU.Build.0 = Debug|Any CPU
		{0E880772-54BB-49F5-ADF7-F5EE345EB230}.Release|Any CPU.ActiveCfg = Release|Any CPU
		{0E880772-54BB-49F5-ADF7-F5EE345EB230}.Release|Any CPU.Build.0 = Release|Any CPU
		{75C56C5D-EFCB-49DA-AA40-2FFD8BA22E6E}.Debug|Any CPU.ActiveCfg = Debug|Any CPU
		{75C56C5D-EFCB-49DA-AA40-2FFD8BA22E6E}.Debug|Any CPU.Build.0 = Debug|Any CPU
		{75C56C5D-EFCB-49DA-AA40-2FFD8BA22E6E}.Release|Any CPU.ActiveCfg = Release|Any CPU
		{75C56C5D-EFCB-49DA-AA40-2FFD8BA22E6E}.Release|Any CPU.Build.0 = Release|Any CPU
		{C1929E81-6787-41A6-86AD-A85B16C01EAF}.Debug|Any CPU.ActiveCfg = Debug|Any CPU
		{C1929E81-6787-41A6-86AD-A85B16C01EAF}.Debug|Any CPU.Build.0 = Debug|Any CPU
		{C1929E81-6787-41A6-86AD-A85B16C01EAF}.Release|Any CPU.ActiveCfg = Release|Any CPU
		{C1929E81-6787-41A6-86AD-A85B16C01EAF}.Release|Any CPU.Build.0 = Release|Any CPU
		{613D9F76-1478-40BE-B707-20251262CF86}.Debug|Any CPU.ActiveCfg = Debug|Any CPU
		{613D9F76-1478-40BE-B707-20251262CF86}.Debug|Any CPU.Build.0 = Debug|Any CPU
		{613D9F76-1478-40BE-B707-20251262CF86}.Release|Any CPU.ActiveCfg = Release|Any CPU
		{613D9F76-1478-40BE-B707-20251262CF86}.Release|Any CPU.Build.0 = Release|Any CPU
		{1C58BA94-723A-4800-BAEB-681576FE7220}.Debug|Any CPU.ActiveCfg = Debug|Any CPU
		{1C58BA94-723A-4800-BAEB-681576FE7220}.Debug|Any CPU.Build.0 = Debug|Any CPU
		{1C58BA94-723A-4800-BAEB-681576FE7220}.Release|Any CPU.ActiveCfg = Release|Any CPU
		{1C58BA94-723A-4800-BAEB-681576FE7220}.Release|Any CPU.Build.0 = Release|Any CPU
		{47CAD91A-E796-4594-A9AF-98DA5CDD6106}.Debug|Any CPU.ActiveCfg = Debug|Any CPU
		{47CAD91A-E796-4594-A9AF-98DA5CDD6106}.Debug|Any CPU.Build.0 = Debug|Any CPU
		{47CAD91A-E796-4594-A9AF-98DA5CDD6106}.Release|Any CPU.ActiveCfg = Release|Any CPU
		{47CAD91A-E796-4594-A9AF-98DA5CDD6106}.Release|Any CPU.Build.0 = Release|Any CPU
		{5E9963AE-4C6B-4475-BA79-162B500D3469}.Debug|Any CPU.ActiveCfg = Debug|Any CPU
		{5E9963AE-4C6B-4475-BA79-162B500D3469}.Debug|Any CPU.Build.0 = Debug|Any CPU
		{5E9963AE-4C6B-4475-BA79-162B500D3469}.Release|Any CPU.ActiveCfg = Release|Any CPU
		{5E9963AE-4C6B-4475-BA79-162B500D3469}.Release|Any CPU.Build.0 = Release|Any CPU
	EndGlobalSection
	GlobalSection(SolutionProperties) = preSolution
		HideSolutionNode = FALSE
	EndGlobalSection
	GlobalSection(NestedProjects) = preSolution
		{0E880772-54BB-49F5-ADF7-F5EE345EB230} = {06B0C0C8-EA7E-4C0C-862B-B471990EFFBE}
		{75C56C5D-EFCB-49DA-AA40-2FFD8BA22E6E} = {D94BC38E-FB3B-483C-A59B-E36B5B2D7949}
		{C1929E81-6787-41A6-86AD-A85B16C01EAF} = {EB3CC9E4-9C2E-403A-B8FB-FC4B942A5279}
		{80C78439-CAF5-4A40-BFFA-57BB21006DFD} = {42288676-A48C-4199-B51C-EE25B2D3C89A}
		{3EB621D2-7079-44D6-9CD6-D50AE4D82DA3} = {42288676-A48C-4199-B51C-EE25B2D3C89A}
		{613D9F76-1478-40BE-B707-20251262CF86} = {80C78439-CAF5-4A40-BFFA-57BB21006DFD}
		{1C58BA94-723A-4800-BAEB-681576FE7220} = {3EB621D2-7079-44D6-9CD6-D50AE4D82DA3}
		{47CAD91A-E796-4594-A9AF-98DA5CDD6106} = {3EB621D2-7079-44D6-9CD6-D50AE4D82DA3}
		{5E9963AE-4C6B-4475-BA79-162B500D3469} = {D00A2605-671A-411F-9D8B-3B6CA884FF5C}
	EndGlobalSection
	GlobalSection(ExtensibilityGlobals) = postSolution
		SolutionGuid = {5ECEB024-8802-425B-9991-9B0FFCEB05CE}
	EndGlobalSection
EndGlobal
